
Microsoft Visual Studio Solution File, Format Version 12.00
# Visual Studio Version 17
VisualStudioVersion = 17.5.33530.505
MinimumVisualStudioVersion = 10.0.40219.1
Project("{FAE04EC0-301F-11D3-BF4B-00C04F79EFBC}") = "Acelera-Saude", "Acelera-Saude\Acelera-Saude.csproj", "{B59F127B-8660-41B6-9B3C-F50B3F68E5A2}"
EndProject
Global
	GlobalSection(SolutionConfigurationPlatforms) = preSolution
		Debug|Any CPU = Debug|Any CPU
		Release|Any CPU = Release|Any CPU
	EndGlobalSection
	GlobalSection(ProjectConfigurationPlatforms) = postSolution
		{B59F127B-8660-41B6-9B3C-F50B3F68E5A2}.Debug|Any CPU.ActiveCfg = Debug|Any CPU
		{B59F127B-8660-41B6-9B3C-F50B3F68E5A2}.Debug|Any CPU.Build.0 = Debug|Any CPU
		{B59F127B-8660-41B6-9B3C-F50B3F68E5A2}.Release|Any CPU.ActiveCfg = Release|Any CPU
		{B59F127B-8660-41B6-9B3C-F50B3F68E5A2}.Release|Any CPU.Build.0 = Release|Any CPU
	EndGlobalSection
	GlobalSection(SolutionProperties) = preSolution
		HideSolutionNode = FALSE
	EndGlobalSection
	GlobalSection(ExtensibilityGlobals) = postSolution
		SolutionGuid = {BD4F4ADC-90C5-4992-B0FB-276D2D0E3600}
	EndGlobalSection
EndGlobal
